// !$*UTF8*$!
{
	archiveVersion = 1;
	classes = {
	};
	objectVersion = 55;
	objects = {

/* Begin PBXBuildFile section */
		9CBCD4DB274ECA8700385158 /* AppDelegate.swift in Sources */ = {isa = PBXBuildFile; fileRef = 9CBCD4DA274ECA8700385158 /* AppDelegate.swift */; };
		9CBCD4DD274ECA8700385158 /* SceneDelegate.swift in Sources */ = {isa = PBXBuildFile; fileRef = 9CBCD4DC274ECA8700385158 /* SceneDelegate.swift */; };
		9CBCD4DF274ECA8700385158 /* ViewController.swift in Sources */ = {isa = PBXBuildFile; fileRef = 9CBCD4DE274ECA8700385158 /* ViewController.swift */; };
		9CBCD4E2274ECA8700385158 /* Main.storyboard in Resources */ = {isa = PBXBuildFile; fileRef = 9CBCD4E0274ECA8700385158 /* Main.storyboard */; };
		9CBCD4E4274ECA9400385158 /* Assets.xcassets in Resources */ = {isa = PBXBuildFile; fileRef = 9CBCD4E3274ECA9400385158 /* Assets.xcassets */; };
		9CBCD4E7274ECA9400385158 /* LaunchScreen.storyboard in Resources */ = {isa = PBXBuildFile; fileRef = 9CBCD4E5274ECA9400385158 /* LaunchScreen.storyboard */; };
		9CBCD4F2274ECCC400385158 /* BMI.swift in Sources */ = {isa = PBXBuildFile; fileRef = 9CBCD4F1274ECCC400385158 /* BMI.swift */; };
		9CBCD4F4274ECCEF00385158 /* BMIBrain.swift in Sources */ = {isa = PBXBuildFile; fileRef = 9CBCD4F3274ECCEF00385158 /* BMIBrain.swift */; };
		9CBCD4F6274ECD4500385158 /* CalculateViewController.swift in Sources */ = {isa = PBXBuildFile; fileRef = 9CBCD4F5274ECD4500385158 /* CalculateViewController.swift */; };
		9CBCD4F8274ECD7700385158 /* ResultViewController.swift in Sources */ = {isa = PBXBuildFile; fileRef = 9CBCD4F7274ECD7700385158 /* ResultViewController.swift */; };
/* End PBXBuildFile section */

/* Begin PBXFileReference section */
		9CBCD4D7274ECA8700385158 /* BMI_Calculator.app */ = {isa = PBXFileReference; explicitFileType = wrapper.application; includeInIndex = 0; path = BMI_Calculator.app; sourceTree = BUILT_PRODUCTS_DIR; };
		9CBCD4DA274ECA8700385158 /* AppDelegate.swift */ = {isa = PBXFileReference; lastKnownFileType = sourcecode.swift; path = AppDelegate.swift; sourceTree = "<group>"; };
		9CBCD4DC274ECA8700385158 /* SceneDelegate.swift */ = {isa = PBXFileReference; lastKnownFileType = sourcecode.swift; path = SceneDelegate.swift; sourceTree = "<group>"; };
		9CBCD4DE274ECA8700385158 /* ViewController.swift */ = {isa = PBXFileReference; lastKnownFileType = sourcecode.swift; path = ViewController.swift; sourceTree = "<group>"; };
		9CBCD4E1274ECA8700385158 /* Base */ = {isa = PBXFileReference; lastKnownFileType = file.storyboard; name = Base; path = Base.lproj/Main.storyboard; sourceTree = "<group>"; };
		9CBCD4E3274ECA9400385158 /* Assets.xcassets */ = {isa = PBXFileReference; lastKnownFileType = folder.assetcatalog; path = Assets.xcassets; sourceTree = "<group>"; };
		9CBCD4E6274ECA9400385158 /* Base */ = {isa = PBXFileReference; lastKnownFileType = file.storyboard; name = Base; path = Base.lproj/LaunchScreen.storyboard; sourceTree = "<group>"; };
		9CBCD4E8274ECA9400385158 /* Info.plist */ = {isa = PBXFileReference; lastKnownFileType = text.plist.xml; path = Info.plist; sourceTree = "<group>"; };
		9CBCD4F1274ECCC400385158 /* BMI.swift */ = {isa = PBXFileReference; lastKnownFileType = sourcecode.swift; path = BMI.swift; sourceTree = "<group>"; };
		9CBCD4F3274ECCEF00385158 /* BMIBrain.swift */ = {isa = PBXFileReference; lastKnownFileType = sourcecode.swift; path = BMIBrain.swift; sourceTree = "<group>"; };
		9CBCD4F5274ECD4500385158 /* CalculateViewController.swift */ = {isa = PBXFileReference; lastKnownFileType = sourcecode.swift; path = CalculateViewController.swift; sourceTree = "<group>"; };
		9CBCD4F7274ECD7700385158 /* ResultViewController.swift */ = {isa = PBXFileReference; lastKnownFileType = sourcecode.swift; path = ResultViewController.swift; sourceTree = "<group>"; };
/* End PBXFileReference section */

/* Begin PBXFrameworksBuildPhase section */
		9CBCD4D4274ECA8700385158 /* Frameworks */ = {
			isa = PBXFrameworksBuildPhase;
			buildActionMask = 2147483647;
			files = (
			);
			runOnlyForDeploymentPostprocessing = 0;
		};
/* End PBXFrameworksBuildPhase section */

/* Begin PBXGroup section */
		9CBCD4CE274ECA8700385158 = {
			isa = PBXGroup;
			children = (
				9CBCD4D9274ECA8700385158 /* BMI_Calculator */,
				9CBCD4D8274ECA8700385158 /* Products */,
			);
			sourceTree = "<group>";
		};
		9CBCD4D8274ECA8700385158 /* Products */ = {
			isa = PBXGroup;
			children = (
				9CBCD4D7274ECA8700385158 /* BMI_Calculator.app */,
			);
			name = Products;
			sourceTree = "<group>";
		};
		9CBCD4D9274ECA8700385158 /* BMI_Calculator */ = {
			isa = PBXGroup;
			children = (
				9CBCD4EE274ECC8F00385158 /* Model */,
				9CBCD4F0274ECCAD00385158 /* View */,
				9CBCD4EF274ECC9700385158 /* Controller */,
				9CBCD4DA274ECA8700385158 /* AppDelegate.swift */,
				9CBCD4DC274ECA8700385158 /* SceneDelegate.swift */,
				9CBCD4DE274ECA8700385158 /* ViewController.swift */,
				9CBCD4E3274ECA9400385158 /* Assets.xcassets */,
				9CBCD4E5274ECA9400385158 /* LaunchScreen.storyboard */,
				9CBCD4E8274ECA9400385158 /* Info.plist */,
			);
			path = BMI_Calculator;
			sourceTree = "<group>";
		};
		9CBCD4EE274ECC8F00385158 /* Model */ = {
			isa = PBXGroup;
			children = (
				9CBCD4F1274ECCC400385158 /* BMI.swift */,
				9CBCD4F3274ECCEF00385158 /* BMIBrain.swift */,
			);
			path = Model;
			sourceTree = "<group>";
		};
		9CBCD4EF274ECC9700385158 /* Controller */ = {
			isa = PBXGroup;
			children = (
				9CBCD4F5274ECD4500385158 /* CalculateViewController.swift */,
				9CBCD4F7274ECD7700385158 /* ResultViewController.swift */,
			);
			path = Controller;
			sourceTree = "<group>";
		};
		9CBCD4F0274ECCAD00385158 /* View */ = {
			isa = PBXGroup;
			children = (
				9CBCD4E0274ECA8700385158 /* Main.storyboard */,
			);
			path = View;
			sourceTree = "<group>";
		};
/* End PBXGroup section */

/* Begin PBXNativeTarget section */
		9CBCD4D6274ECA8700385158 /* BMI_Calculator */ = {
			isa = PBXNativeTarget;
			buildConfigurationList = 9CBCD4EB274ECA9400385158 /* Build configuration list for PBXNativeTarget "BMI_Calculator" */;
			buildPhases = (
				9CBCD4D3274ECA8700385158 /* Sources */,
				9CBCD4D4274ECA8700385158 /* Frameworks */,
				9CBCD4D5274ECA8700385158 /* Resources */,
			);
			buildRules = (
			);
			dependencies = (
			);
			name = BMI_Calculator;
			productName = BMI_Calculator;
			productReference = 9CBCD4D7274ECA8700385158 /* BMI_Calculator.app */;
			productType = "com.apple.product-type.application";
		};
/* End PBXNativeTarget section */

/* Begin PBXProject section */
		9CBCD4CF274ECA8700385158 /* Project object */ = {
			isa = PBXProject;
			attributes = {
				BuildIndependentTargetsInParallel = 1;
				LastSwiftUpdateCheck = 1310;
				LastUpgradeCheck = 1310;
				TargetAttributes = {
					9CBCD4D6274ECA8700385158 = {
						CreatedOnToolsVersion = 13.1;
					};
				};
			};
			buildConfigurationList = 9CBCD4D2274ECA8700385158 /* Build configuration list for PBXProject "BMI_Calculator" */;
			compatibilityVersion = "Xcode 13.0";
			developmentRegion = en;
			hasScannedForEncodings = 0;
			knownRegions = (
				en,
				Base,
			);
			mainGroup = 9CBCD4CE274ECA8700385158;
			productRefGroup = 9CBCD4D8274ECA8700385158 /* Products */;
			projectDirPath = "";
			projectRoot = "";
			targets = (
				9CBCD4D6274ECA8700385158 /* BMI_Calculator */,
			);
		};
/* End PBXProject section */

/* Begin PBXResourcesBuildPhase section */
		9CBCD4D5274ECA8700385158 /* Resources */ = {
			isa = PBXResourcesBuildPhase;
			buildActionMask = 2147483647;
			files = (
				9CBCD4E7274ECA9400385158 /* LaunchScreen.storyboard in Resources */,
				9CBCD4E4274ECA9400385158 /* Assets.xcassets in Resources */,
				9CBCD4E2274ECA8700385158 /* Main.storyboard in Resources */,
			);
			runOnlyForDeploymentPostprocessing = 0;
		};
/* End PBXResourcesBuildPhase section */

/* Begin PBXSourcesBuildPhase section */
		9CBCD4D3274ECA8700385158 /* Sources */ = {
			isa = PBXSourcesBuildPhase;
			buildActionMask = 2147483647;
			files = (
				9CBCD4F2274ECCC400385158 /* BMI.swift in Sources */,
				9CBCD4DF274ECA8700385158 /* ViewController.swift in Sources */,
				9CBCD4F8274ECD7700385158 /* ResultViewController.swift in Sources */,
				9CBCD4DB274ECA8700385158 /* AppDelegate.swift in Sources */,
				9CBCD4DD274ECA8700385158 /* SceneDelegate.swift in Sources */,
				9CBCD4F4274ECCEF00385158 /* BMIBrain.swift in Sources */,
				9CBCD4F6274ECD4500385158 /* CalculateViewController.swift in Sources */,
			);
			runOnlyForDeploymentPostprocessing = 0;
		};
/* End PBXSourcesBuildPhase section */

/* Begin PBXVariantGroup section */
		9CBCD4E0274ECA8700385158 /* Main.storyboard */ = {
			isa = PBXVariantGroup;
			children = (
				9CBCD4E1274ECA8700385158 /* Base */,
			);
			name = Main.storyboard;
			sourceTree = "<group>";
		};
		9CBCD4E5274ECA9400385158 /* LaunchScreen.storyboard */ = {
			isa = PBXVariantGroup;
			children = (
				9CBCD4E6274ECA9400385158 /* Base */,
			);
			name = LaunchScreen.storyboard;
			sourceTree = "<group>";
		};
/* End PBXVariantGroup section */

/* Begin XCBuildConfiguration section */
		9CBCD4E9274ECA9400385158 /* Debug */ = {
			isa = XCBuildConfiguration;
			buildSettings = {
				ALWAYS_SEARCH_USER_PATHS = NO;
				CLANG_ANALYZER_NONNULL = YES;
				CLANG_ANALYZER_NUMBER_OBJECT_CONVERSION = YES_AGGRESSIVE;
				CLANG_CXX_LANGUAGE_STANDARD = "gnu++17";
				CLANG_CXX_LIBRARY = "libc++";
				CLANG_ENABLE_MODULES = YES;
				CLANG_ENABLE_OBJC_ARC = YES;
				CLANG_ENABLE_OBJC_WEAK = YES;
				CLANG_WARN_BLOCK_CAPTURE_AUTORELEASING = YES;
				CLANG_WARN_BOOL_CONVERSION = YES;
				CLANG_WARN_COMMA = YES;
				CLANG_WARN_CONSTANT_CONVERSION = YES;
				CLANG_WARN_DEPRECATED_OBJC_IMPLEMENTATIONS = YES;
				CLANG_WARN_DIRECT_OBJC_ISA_USAGE = YES_ERROR;
				CLANG_WARN_DOCUMENTATION_COMMENTS = YES;
				CLANG_WARN_EMPTY_BODY = YES;
				CLANG_WARN_ENUM_CONVERSION = YES;
				CLANG_WARN_INFINITE_RECURSION = YES;
				CLANG_WARN_INT_CONVERSION = YES;
				CLANG_WARN_NON_LITERAL_NULL_CONVERSION = YES;
				CLANG_WARN_OBJC_IMPLICIT_RETAIN_SELF = YES;
				CLANG_WARN_OBJC_LITERAL_CONVERSION = YES;
				CLANG_WARN_OBJC_ROOT_CLASS = YES_ERROR;
				CLANG_WARN_QUOTED_INCLUDE_IN_FRAMEWORK_HEADER = YES;
				CLANG_WARN_RANGE_LOOP_ANALYSIS = YES;
				CLANG_WARN_STRICT_PROTOTYPES = YES;
				CLANG_WARN_SUSPICIOUS_MOVE = YES;
				CLANG_WARN_UNGUARDED_AVAILABILITY = YES_AGGRESSIVE;
				CLANG_WARN_UNREACHABLE_CODE = YES;
				CLANG_WARN__DUPLICATE_METHOD_MATCH = YES;
				COPY_PHASE_STRIP = NO;
				DEBUG_INFORMATION_FORMAT = dwarf;
				ENABLE_STRICT_OBJC_MSGSEND = YES;
				ENABLE_TESTABILITY = YES;
				GCC_C_LANGUAGE_STANDARD = gnu11;
				GCC_DYNAMIC_NO_PIC = NO;
				GCC_NO_COMMON_BLOCKS = YES;
				GCC_OPTIMIZATION_LEVEL = 0;
				GCC_PREPROCESSOR_DEFINITIONS = (
					"DEBUG=1",
					"$(inherited)",
				);
				GCC_WARN_64_TO_32_BIT_CONVERSION = YES;
				GCC_WARN_ABOUT_RETURN_TYPE = YES_ERROR;
				GCC_WARN_UNDECLARED_SELECTOR = YES;
				GCC_WARN_UNINITIALIZED_AUTOS = YES_AGGRESSIVE;
				GCC_WARN_UNUSED_FUNCTION = YES;
				GCC_WARN_UNUSED_VARIABLE = YES;
				IPHONEOS_DEPLOYMENT_TARGET = 15.0;
				MTL_ENABLE_DEBUG_INFO = INCLUDE_SOURCE;
				MTL_FAST_MATH = YES;
				ONLY_ACTIVE_ARCH = YES;
				SDKROOT = iphoneos;
				SWIFT_ACTIVE_COMPILATION_CONDITIONS = DEBUG;
				SWIFT_OPTIMIZATION_LEVEL = "-Onone";
			};
			name = Debug;
		};
		9CBCD4EA274ECA9400385158 /* Release */ = {
			isa = XCBuildConfiguration;
			buildSettings = {
				ALWAYS_SEARCH_USER_PATHS = NO;
				CLANG_ANALYZER_NONNULL = YES;
				CLANG_ANALYZER_NUMBER_OBJECT_CONVERSION = YES_AGGRESSIVE;
				CLANG_CXX_LANGUAGE_STANDARD = "gnu++17";
				CLANG_CXX_LIBRARY = "libc++";
				CLANG_ENABLE_MODULES = YES;
				CLANG_ENABLE_OBJC_ARC = YES;
				CLANG_ENABLE_OBJC_WEAK = YES;
				CLANG_WARN_BLOCK_CAPTURE_AUTORELEASING = YES;
				CLANG_WARN_BOOL_CONVERSION = YES;
				CLANG_WARN_COMMA = YES;
				CLANG_WARN_CONSTANT_CONVERSION = YES;
				CLANG_WARN_DEPRECATED_OBJC_IMPLEMENTATIONS = YES;
				CLANG_WARN_DIRECT_OBJC_ISA_USAGE = YES_ERROR;
				CLANG_WARN_DOCUMENTATION_COMMENTS = YES;
				CLANG_WARN_EMPTY_BODY = YES;
				CLANG_WARN_ENUM_CONVERSION = YES;
				CLANG_WARN_INFINITE_RECURSION = YES;
				CLANG_WARN_INT_CONVERSION = YES;
				CLANG_WARN_NON_LITERAL_NULL_CONVERSION = YES;
				CLANG_WARN_OBJC_IMPLICIT_RETAIN_SELF = YES;
				CLANG_WARN_OBJC_LITERAL_CONVERSION = YES;
				CLANG_WARN_OBJC_ROOT_CLASS = YES_ERROR;
				CLANG_WARN_QUOTED_INCLUDE_IN_FRAMEWORK_HEADER = YES;
				CLANG_WARN_RANGE_LOOP_ANALYSIS = YES;
				CLANG_WARN_STRICT_PROTOTYPES = YES;
				CLANG_WARN_SUSPICIOUS_MOVE = YES;
				CLANG_WARN_UNGUARDED_AVAILABILITY = YES_AGGRESSIVE;
				CLANG_WARN_UNREACHABLE_CODE = YES;
				CLANG_WARN__DUPLICATE_METHOD_MATCH = YES;
				COPY_PHASE_STRIP = NO;
				DEBUG_INFORMATION_FORMAT = "dwarf-with-dsym";
				ENABLE_NS_ASSERTIONS = NO;
				ENABLE_STRICT_OBJC_MSGSEND = YES;
				GCC_C_LANGUAGE_STANDARD = gnu11;
				GCC_NO_COMMON_BLOCKS = YES;
				GCC_WARN_64_TO_32_BIT_CONVERSION = YES;
				GCC_WARN_ABOUT_RETURN_TYPE = YES_ERROR;
				GCC_WARN_UNDECLARED_SELECTOR = YES;
				GCC_WARN_UNINITIALIZED_AUTOS = YES_AGGRESSIVE;
				GCC_WARN_UNUSED_FUNCTION = YES;
				GCC_WARN_UNUSED_VARIABLE = YES;
				IPHONEOS_DEPLOYMENT_TARGET = 15.0;
				MTL_ENABLE_DEBUG_INFO = NO;
				MTL_FAST_MATH = YES;
				SDKROOT = iphoneos;
				SWIFT_COMPILATION_MODE = wholemodule;
				SWIFT_OPTIMIZATION_LEVEL = "-O";
				VALIDATE_PRODUCT = YES;
			};
			name = Release;
		};
		9CBCD4EC274ECA9400385158 /* Debug */ = {
			isa = XCBuildConfiguration;
			buildSettings = {
				ASSETCATALOG_COMPILER_APPICON_NAME = AppIcon;
				ASSETCATALOG_COMPILER_GLOBAL_ACCENT_COLOR_NAME = AccentColor;
				CODE_SIGN_STYLE = Automatic;
				CURRENT_PROJECT_VERSION = 1;
				GENERATE_INFOPLIST_FILE = YES;
				INFOPLIST_FILE = BMI_Calculator/Info.plist;
				INFOPLIST_KEY_UIApplicationSupportsIndirectInputEvents = YES;
				INFOPLIST_KEY_UILaunchStoryboardName = LaunchScreen;
				INFOPLIST_KEY_UIMainStoryboardFile = Main;
				INFOPLIST_KEY_UISupportedInterfaceOrientations_iPad = "UIInterfaceOrientationPortrait UIInterfaceOrientationPortraitUpsideDown UIInterfaceOrientationLandscapeLeft UIInterfaceOrientationLandscapeRight";
				INFOPLIST_KEY_UISupportedInterfaceOrientations_iPhone = "UIInterfaceOrientationPortrait UIInterfaceOrientationLandscapeLeft UIInterfaceOrientationLandscapeRight";
				LD_RUNPATH_SEARCH_PATHS = (
					"$(inherited)",
					"@executable_path/Frameworks",
				);
				MARKETING_VERSION = 1.0;
				PRODUCT_BUNDLE_IDENTIFIER = "com.Bhoepa.BMI-Calculator";
				PRODUCT_NAME = "$(TARGET_NAME)";
				SWIFT_EMIT_LOC_STRINGS = YES;
				SWIFT_VERSION = 5.0;
				TARGETED_DEVICE_FAMILY = "1,2";
			};
			name = Debug;
		};
		9CBCD4ED274ECA9400385158 /* Release */ = {
			isa = XCBuildConfiguration;
			buildSettings = {
				ASSETCATALOG_COMPILER_APPICON_NAME = AppIcon;
				ASSETCATALOG_COMPILER_GLOBAL_ACCENT_COLOR_NAME = AccentColor;
				CODE_SIGN_STYLE = Automatic;
				CURRENT_PROJECT_VERSION = 1;
				GENERATE_INFOPLIST_FILE = YES;
				INFOPLIST_FILE = BMI_Calculator/Info.plist;
				INFOPLIST_KEY_UIApplicationSupportsIndirectInputEvents = YES;
				INFOPLIST_KEY_UILaunchStoryboardName = LaunchScreen;
				INFOPLIST_KEY_UIMainStoryboardFile = Main;
				INFOPLIST_KEY_UISupportedInterfaceOrientations_iPad = "UIInterfaceOrientationPortrait UIInterfaceOrientationPortraitUpsideDown UIInterfaceOrientationLandscapeLeft UIInterfaceOrientationLandscapeRight";
				INFOPLIST_KEY_UISupportedInterfaceOrientations_iPhone = "UIInterfaceOrientationPortrait UIInterfaceOrientationLandscapeLeft UIInterfaceOrientationLandscapeRight";
				LD_RUNPATH_SEARCH_PATHS = (
					"$(inherited)",
					"@executable_path/Frameworks",
				);
				MARKETING_VERSION = 1.0;
				PRODUCT_BUNDLE_IDENTIFIER = "com.Bhoepa.BMI-Calculator";
				PRODUCT_NAME = "$(TARGET_NAME)";
				SWIFT_EMIT_LOC_STRINGS = YES;
				SWIFT_VERSION = 5.0;
				TARGETED_DEVICE_FAMILY = "1,2";
			};
			name = Release;
		};
/* End XCBuildConfiguration section */

/* Begin XCConfigurationList section */
		9CBCD4D2274ECA8700385158 /* Build configuration list for PBXProject "BMI_Calculator" */ = {
			isa = XCConfigurationList;
			buildConfigurations = (
				9CBCD4E9274ECA9400385158 /* Debug */,
				9CBCD4EA274ECA9400385158 /* Release */,
			);
			defaultConfigurationIsVisible = 0;
			defaultConfigurationName = Release;
		};
		9CBCD4EB274ECA9400385158 /* Build configuration list for PBXNativeTarget "BMI_Calculator" */ = {
			isa = XCConfigurationList;
			buildConfigurations = (
				9CBCD4EC274ECA9400385158 /* Debug */,
				9CBCD4ED274ECA9400385158 /* Release */,
			);
			defaultConfigurationIsVisible = 0;
			defaultConfigurationName = Release;
		};
/* End XCConfigurationList section */
	};
	rootObject = 9CBCD4CF274ECA8700385158 /* Project object */;
}
